REASONING: This is a yarn.lock (auto-generated) merge conflict. Resolution strategy: remove all conflict markers and keep both sides' entries, since yarn.lock supports multiple versions of the same package. Where the exact same package key appears in both HEAD and upstream, keep upstream/master's version (newer registry). Deduplicate identical entries that appear twice (e.g., `accepts@1.3.3`).

CONTENT: